
Microsoft Visual Studio Solution File, Format Version 12.00
# Visual Studio for Mac
Project("{FAE04EC0-301F-11D3-BF4B-00C04F79EFBC}") = "Assembly-CSharp", "Assembly-CSharp.csproj", "{C199F1D0-EE3C-8E7B-D1DE-FD1814774BBB}"
EndProject
Global
	GlobalSection(SolutionConfigurationPlatforms) = preSolution
		Debug|Any CPU = Debug|Any CPU
		Release|Any CPU = Release|Any CPU
	EndGlobalSection
	GlobalSection(ProjectConfigurationPlatforms) = postSolution
		{C199F1D0-EE3C-8E7B-D1DE-FD1814774BBB}.Debug|Any CPU.ActiveCfg = Debug|Any CPU
		{C199F1D0-EE3C-8E7B-D1DE-FD1814774BBB}.Debug|Any CPU.Build.0 = Debug|Any CPU
		{C199F1D0-EE3C-8E7B-D1DE-FD1814774BBB}.Release|Any CPU.ActiveCfg = Release|Any CPU
		{C199F1D0-EE3C-8E7B-D1DE-FD1814774BBB}.Release|Any CPU.Build.0 = Release|Any CPU
	EndGlobalSection
	GlobalSection(SolutionProperties) = preSolution
		HideSolutionNode = FALSE
	EndGlobalSection
EndGlobal
